// !$*UTF8*$!
{
	archiveVersion = 1;
	classes = {
	};
	objectVersion = 46;
	objects = {

/* Begin PBXBuildFile section */
		76378F031AD3B42C00F02CBC /* CandyViewController.swift in Sources */ = {isa = PBXBuildFile; fileRef = 76378F021AD3B42C00F02CBC /* CandyViewController.swift */; };
		76378F051AD3B54000F02CBC /* CollectionViewCell.swift in Sources */ = {isa = PBXBuildFile; fileRef = 76378F041AD3B54000F02CBC /* CollectionViewCell.swift */; };
		76378F071AD4566200F02CBC /* CandyNewTableViewController.swift in Sources */ = {isa = PBXBuildFile; fileRef = 76378F061AD4566200F02CBC /* CandyNewTableViewController.swift */; };
		76378F091AD4615100F02CBC /* GreetingNewViewController.swift in Sources */ = {isa = PBXBuildFile; fileRef = 76378F081AD4615100F02CBC /* GreetingNewViewController.swift */; };
		76378F0B1AD49B1B00F02CBC /* SwiftyJSON.swift in Sources */ = {isa = PBXBuildFile; fileRef = 76378F0A1AD49B1B00F02CBC /* SwiftyJSON.swift */; };
		7641DA181AD39B8A0021A3AB /* AppDelegate.swift in Sources */ = {isa = PBXBuildFile; fileRef = 7641DA171AD39B8A0021A3AB /* AppDelegate.swift */; };
		7641DA1D1AD39B8A0021A3AB /* Main.storyboard in Resources */ = {isa = PBXBuildFile; fileRef = 7641DA1B1AD39B8A0021A3AB /* Main.storyboard */; };
		7641DA1F1AD39B8A0021A3AB /* Images.xcassets in Resources */ = {isa = PBXBuildFile; fileRef = 7641DA1E1AD39B8A0021A3AB /* Images.xcassets */; };
		7641DA221AD39B8A0021A3AB /* LaunchScreen.xib in Resources */ = {isa = PBXBuildFile; fileRef = 7641DA201AD39B8A0021A3AB /* LaunchScreen.xib */; };
		7641DA2E1AD39B8A0021A3AB /* _13_UISearchBarTests.swift in Sources */ = {isa = PBXBuildFile; fileRef = 7641DA2D1AD39B8A0021A3AB /* _13_UISearchBarTests.swift */; };
		7641DA3A1AD39C340021A3AB /* Candy.swift in Sources */ = {isa = PBXBuildFile; fileRef = 7641DA391AD39C340021A3AB /* Candy.swift */; };
		7641DA3C1AD39C7C0021A3AB /* CandyTableViewController.swift in Sources */ = {isa = PBXBuildFile; fileRef = 7641DA3B1AD39C7C0021A3AB /* CandyTableViewController.swift */; };
		769197491AD4F0B3006086C0 /* notebg.png in Resources */ = {isa = PBXBuildFile; fileRef = 769197481AD4F0B3006086C0 /* notebg.png */; };
		7691974D1AD4FE6D006086C0 /* ColorExtension.swift in Sources */ = {isa = PBXBuildFile; fileRef = 7691974C1AD4FE6D006086C0 /* ColorExtension.swift */; };
		7691974F1AD51256006086C0 /* MD.swift in Sources */ = {isa = PBXBuildFile; fileRef = 7691974E1AD51256006086C0 /* MD.swift */; };
		769197511AD51298006086C0 /* IntExtension.swift in Sources */ = {isa = PBXBuildFile; fileRef = 769197501AD51298006086C0 /* IntExtension.swift */; };
		76B226B41AD4A25700935AD4 /* greetings.json in Resources */ = {isa = PBXBuildFile; fileRef = 76B226B31AD4A25700935AD4 /* greetings.json */; };
		76B226B61AD4A43B00935AD4 /* Greeting.swift in Sources */ = {isa = PBXBuildFile; fileRef = 76B226B51AD4A43B00935AD4 /* Greeting.swift */; };
		76B226B81AD4A49700935AD4 /* GreetingObjectHandler.swift in Sources */ = {isa = PBXBuildFile; fileRef = 76B226B71AD4A49700935AD4 /* GreetingObjectHandler.swift */; };
		76BCE6691AD4B6E700428E46 /* MultiSectionCollectionViewDataSource.swift in Sources */ = {isa = PBXBuildFile; fileRef = 76BCE6681AD4B6E700428E46 /* MultiSectionCollectionViewDataSource.swift */; };
		76BCE66C1AD4B76300428E46 /* GreetingDetailViewController.swift in Sources */ = {isa = PBXBuildFile; fileRef = 76BCE66B1AD4B76300428E46 /* GreetingDetailViewController.swift */; };
/* End PBXBuildFile section */

/* Begin PBXContainerItemProxy section */
		7641DA281AD39B8A0021A3AB /* PBXContainerItemProxy */ = {
			isa = PBXContainerItemProxy;
			containerPortal = 7641DA0A1AD39B8A0021A3AB /* Project object */;
			proxyType = 1;
			remoteGlobalIDString = 7641DA111AD39B8A0021A3AB;
			remoteInfo = "013-UISearchBar";
		};
/* End PBXContainerItemProxy section */

/* Begin PBXFileReference section */
		76378F021AD3B42C00F02CBC /* CandyViewController.swift */ = {isa = PBXFileReference; fileEncoding = 4; lastKnownFileType = sourcecode.swift; path = CandyViewController.swift; sourceTree = "<group>"; };
		76378F041AD3B54000F02CBC /* CollectionViewCell.swift */ = {isa = PBXFileReference; fileEncoding = 4; lastKnownFileType = sourcecode.swift; path = CollectionViewCell.swift; sourceTree = "<group>"; };
		76378F061AD4566200F02CBC /* CandyNewTableViewController.swift */ = {isa = PBXFileReference; fileEncoding = 4; lastKnownFileType = sourcecode.swift; path = CandyNewTableViewController.swift; sourceTree = "<group>"; };
		76378F081AD4615100F02CBC /* GreetingNewViewController.swift */ = {isa = PBXFileReference; fileEncoding = 4; lastKnownFileType = sourcecode.swift; path = GreetingNewViewController.swift; sourceTree = "<group>"; };
		76378F0A1AD49B1B00F02CBC /* SwiftyJSON.swift */ = {isa = PBXFileReference; fileEncoding = 4; lastKnownFileType = sourcecode.swift; path = SwiftyJSON.swift; sourceTree = "<group>"; };
		7641DA121AD39B8A0021A3AB /* 013-UISearchBar.app */ = {isa = PBXFileReference; explicitFileType = wrapper.application; includeInIndex = 0; path = "013-UISearchBar.app"; sourceTree = BUILT_PRODUCTS_DIR; };
		7641DA161AD39B8A0021A3AB /* Info.plist */ = {isa = PBXFileReference; lastKnownFileType = text.plist.xml; path = Info.plist; sourceTree = "<group>"; };
		7641DA171AD39B8A0021A3AB /* AppDelegate.swift */ = {isa = PBXFileReference; lastKnownFileType = sourcecode.swift; path = AppDelegate.swift; sourceTree = "<group>"; };
		7641DA1C1AD39B8A0021A3AB /* Base */ = {isa = PBXFileReference; lastKnownFileType = file.storyboard; name = Base; path = Base.lproj/Main.storyboard; sourceTree = "<group>"; };
		7641DA1E1AD39B8A0021A3AB /* Images.xcassets */ = {isa = PBXFileReference; lastKnownFileType = folder.assetcatalog; path = Images.xcassets; sourceTree = "<group>"; };
		7641DA211AD39B8A0021A3AB /* Base */ = {isa = PBXFileReference; lastKnownFileType = file.xib; name = Base; path = Base.lproj/LaunchScreen.xib; sourceTree = "<group>"; };
		7641DA271AD39B8A0021A3AB /* 013-UISearchBarTests.xctest */ = {isa = PBXFileReference; explicitFileType = wrapper.cfbundle; includeInIndex = 0; path = "013-UISearchBarTests.xctest"; sourceTree = BUILT_PRODUCTS_DIR; };
		7641DA2C1AD39B8A0021A3AB /* Info.plist */ = {isa = PBXFileReference; lastKnownFileType = text.plist.xml; path = Info.plist; sourceTree = "<group>"; };
		7641DA2D1AD39B8A0021A3AB /* _13_UISearchBarTests.swift */ = {isa = PBXFileReference; lastKnownFileType = sourcecode.swift; path = _13_UISearchBarTests.swift; sourceTree = "<group>"; };
		7641DA391AD39C340021A3AB /* Candy.swift */ = {isa = PBXFileReference; fileEncoding = 4; lastKnownFileType = sourcecode.swift; name = Candy.swift; path = ../Candy.swift; sourceTree = "<group>"; };
		7641DA3B1AD39C7C0021A3AB /* CandyTableViewController.swift */ = {isa = PBXFileReference; fileEncoding = 4; lastKnownFileType = sourcecode.swift; name = CandyTableViewController.swift; path = ../CandyTableViewController.swift; sourceTree = "<group>"; };
		769197481AD4F0B3006086C0 /* notebg.png */ = {isa = PBXFileReference; lastKnownFileType = image.png; path = notebg.png; sourceTree = "<group>"; };
		7691974C1AD4FE6D006086C0 /* ColorExtension.swift */ = {isa = PBXFileReference; fileEncoding = 4; lastKnownFileType = sourcecode.swift; name = ColorExtension.swift; path = ../ColorExtension.swift; sourceTree = "<group>"; };
		7691974E1AD51256006086C0 /* MD.swift */ = {isa = PBXFileReference; fileEncoding = 4; lastKnownFileType = sourcecode.swift; name = MD.swift; path = ../MD.swift; sourceTree = "<group>"; };
		769197501AD51298006086C0 /* IntExtension.swift */ = {isa = PBXFileReference; fileEncoding = 4; lastKnownFileType = sourcecode.swift; path = IntExtension.swift; sourceTree = "<group>"; };
		76B226B31AD4A25700935AD4 /* greetings.json */ = {isa = PBXFileReference; fileEncoding = 4; lastKnownFileType = text.json; name = greetings.json; path = ../greetings.json; sourceTree = "<group>"; };
		76B226B51AD4A43B00935AD4 /* Greeting.swift */ = {isa = PBXFileReference; fileEncoding = 4; lastKnownFileType = sourcecode.swift; name = Greeting.swift; path = ../Greeting.swift; sourceTree = "<group>"; };
		76B226B71AD4A49700935AD4 /* GreetingObjectHandler.swift */ = {isa = PBXFileReference; fileEncoding = 4; lastKnownFileType = sourcecode.swift; name = GreetingObjectHandler.swift; path = ../GreetingObjectHandler.swift; sourceTree = "<group>"; };
		76BCE6681AD4B6E700428E46 /* MultiSectionCollectionViewDataSource.swift */ = {isa = PBXFileReference; fileEncoding = 4; lastKnownFileType = sourcecode.swift; path = MultiSectionCollectionViewDataSource.swift; sourceTree = "<group>"; };
		76BCE66B1AD4B76300428E46 /* GreetingDetailViewController.swift */ = {isa = PBXFileReference; fileEncoding = 4; lastKnownFileType = sourcecode.swift; name = GreetingDetailViewController.swift; path = ../GreetingDetailViewController.swift; sourceTree = "<group>"; };
/* End PBXFileReference section */

/* Begin PBXFrameworksBuildPhase section */
		7641DA0F1AD39B8A0021A3AB /* Frameworks */ = {
			isa = PBXFrameworksBuildPhase;
			buildActionMask = 2147483647;
			files = (
			);
			runOnlyForDeploymentPostprocessing = 0;
		};
		7641DA241AD39B8A0021A3AB /* Frameworks */ = {
			isa = PBXFrameworksBuildPhase;
			buildActionMask = 2147483647;
			files = (
			);
			runOnlyForDeploymentPostprocessing = 0;
		};
/* End PBXFrameworksBuildPhase section */

/* Begin PBXGroup section */
		7641DA091AD39B8A0021A3AB = {
			isa = PBXGroup;
			children = (
				7641DA1B1AD39B8A0021A3AB /* Main.storyboard */,
				7641DA141AD39B8A0021A3AB /* 013-UISearchBar */,
				7641DA2A1AD39B8A0021A3AB /* 013-UISearchBarTests */,
				7641DA131AD39B8A0021A3AB /* Products */,
			);
			sourceTree = "<group>";
		};
		7641DA131AD39B8A0021A3AB /* Products */ = {
			isa = PBXGroup;
			children = (
				7641DA121AD39B8A0021A3AB /* 013-UISearchBar.app */,
				7641DA271AD39B8A0021A3AB /* 013-UISearchBarTests.xctest */,
			);
			name = Products;
			sourceTree = "<group>";
		};
		7641DA141AD39B8A0021A3AB /* 013-UISearchBar */ = {
			isa = PBXGroup;
			children = (
				769197521AD51F4C006086C0 /* Data Related */,
				76BCE66A1AD4B6EF00428E46 /* Reusable Code */,
				76BCE66B1AD4B76300428E46 /* GreetingDetailViewController.swift */,
				76378F081AD4615100F02CBC /* GreetingNewViewController.swift */,
				76378F061AD4566200F02CBC /* CandyNewTableViewController.swift */,
				76378F021AD3B42C00F02CBC /* CandyViewController.swift */,
				7641DA3B1AD39C7C0021A3AB /* CandyTableViewController.swift */,
				76378F041AD3B54000F02CBC /* CollectionViewCell.swift */,
				7641DA151AD39B8A0021A3AB /* Supporting Files */,
			);
			path = "013-UISearchBar";
			sourceTree = "<group>";
		};
		7641DA151AD39B8A0021A3AB /* Supporting Files */ = {
			isa = PBXGroup;
			children = (
				7641DA1E1AD39B8A0021A3AB /* Images.xcassets */,
				769197481AD4F0B3006086C0 /* notebg.png */,
				7641DA201AD39B8A0021A3AB /* LaunchScreen.xib */,
				7641DA171AD39B8A0021A3AB /* AppDelegate.swift */,
				7641DA161AD39B8A0021A3AB /* Info.plist */,
			);
			name = "Supporting Files";
			sourceTree = "<group>";
		};
		7641DA2A1AD39B8A0021A3AB /* 013-UISearchBarTests */ = {
			isa = PBXGroup;
			children = (
				7641DA2D1AD39B8A0021A3AB /* _13_UISearchBarTests.swift */,
				7641DA2B1AD39B8A0021A3AB /* Supporting Files */,
			);
			path = "013-UISearchBarTests";
			sourceTree = "<group>";
		};
		7641DA2B1AD39B8A0021A3AB /* Supporting Files */ = {
			isa = PBXGroup;
			children = (
				7641DA2C1AD39B8A0021A3AB /* Info.plist */,
			);
			name = "Supporting Files";
			sourceTree = "<group>";
		};
		769197521AD51F4C006086C0 /* Data Related */ = {
			isa = PBXGroup;
			children = (
				7641DA391AD39C340021A3AB /* Candy.swift */,
				76B226B51AD4A43B00935AD4 /* Greeting.swift */,
				76B226B31AD4A25700935AD4 /* greetings.json */,
				76B226B71AD4A49700935AD4 /* GreetingObjectHandler.swift */,
			);
			name = "Data Related";
			sourceTree = "<group>";
		};
		76BCE66A1AD4B6EF00428E46 /* Reusable Code */ = {
			isa = PBXGroup;
			children = (
				7691974C1AD4FE6D006086C0 /* ColorExtension.swift */,
				7691974E1AD51256006086C0 /* MD.swift */,
				76378F0A1AD49B1B00F02CBC /* SwiftyJSON.swift */,
				769197501AD51298006086C0 /* IntExtension.swift */,
				76BCE6681AD4B6E700428E46 /* MultiSectionCollectionViewDataSource.swift */,
			);
			name = "Reusable Code";
			sourceTree = "<group>";
		};
/* End PBXGroup section */

/* Begin PBXNativeTarget section */
		7641DA111AD39B8A0021A3AB /* 013-UISearchBar */ = {
			isa = PBXNativeTarget;
			buildConfigurationList = 7641DA311AD39B8A0021A3AB /* Build configuration list for PBXNativeTarget "013-UISearchBar" */;
			buildPhases = (
				7641DA0E1AD39B8A0021A3AB /* Sources */,
				7641DA0F1AD39B8A0021A3AB /* Frameworks */,
				7641DA101AD39B8A0021A3AB /* Resources */,
			);
			buildRules = (
			);
			dependencies = (
			);
			name = "013-UISearchBar";
			productName = "013-UISearchBar";
			productReference = 7641DA121AD39B8A0021A3AB /* 013-UISearchBar.app */;
			productType = "com.apple.product-type.application";
		};
		7641DA261AD39B8A0021A3AB /* 013-UISearchBarTests */ = {
			isa = PBXNativeTarget;
			buildConfigurationList = 7641DA341AD39B8A0021A3AB /* Build configuration list for PBXNativeTarget "013-UISearchBarTests" */;
			buildPhases = (
				7641DA231AD39B8A0021A3AB /* Sources */,
				7641DA241AD39B8A0021A3AB /* Frameworks */,
				7641DA251AD39B8A0021A3AB /* Resources */,
			);
			buildRules = (
			);
			dependencies = (
				7641DA291AD39B8A0021A3AB /* PBXTargetDependency */,
			);
			name = "013-UISearchBarTests";
			productName = "013-UISearchBarTests";
			productReference = 7641DA271AD39B8A0021A3AB /* 013-UISearchBarTests.xctest */;
			productType = "com.apple.product-type.bundle.unit-test";
		};
/* End PBXNativeTarget section */

/* Begin PBXProject section */
		7641DA0A1AD39B8A0021A3AB /* Project object */ = {
			isa = PBXProject;
			attributes = {
				LastUpgradeCheck = 0620;
				ORGANIZATIONNAME = com.shomigo;
				TargetAttributes = {
					7641DA111AD39B8A0021A3AB = {
						CreatedOnToolsVersion = 6.2;
					};
					7641DA261AD39B8A0021A3AB = {
						CreatedOnToolsVersion = 6.2;
						TestTargetID = 7641DA111AD39B8A0021A3AB;
					};
				};
			};
			buildConfigurationList = 7641DA0D1AD39B8A0021A3AB /* Build configuration list for PBXProject "013-UISearchBar" */;
			compatibilityVersion = "Xcode 3.2";
			developmentRegion = English;
			hasScannedForEncodings = 0;
			knownRegions = (
				en,
				Base,
			);
			mainGroup = 7641DA091AD39B8A0021A3AB;
			productRefGroup = 7641DA131AD39B8A0021A3AB /* Products */;
			projectDirPath = "";
			projectRoot = "";
			targets = (
				7641DA111AD39B8A0021A3AB /* 013-UISearchBar */,
				7641DA261AD39B8A0021A3AB /* 013-UISearchBarTests */,
			);
		};
/* End PBXProject section */

/* Begin PBXResourcesBuildPhase section */
		7641DA101AD39B8A0021A3AB /* Resources */ = {
			isa = PBXResourcesBuildPhase;
			buildActionMask = 2147483647;
			files = (
				7641DA1D1AD39B8A0021A3AB /* Main.storyboard in Resources */,
				769197491AD4F0B3006086C0 /* notebg.png in Resources */,
				7641DA221AD39B8A0021A3AB /* LaunchScreen.xib in Resources */,
				7641DA1F1AD39B8A0021A3AB /* Images.xcassets in Resources */,
				76B226B41AD4A25700935AD4 /* greetings.json in Resources */,
			);
			runOnlyForDeploymentPostprocessing = 0;
		};
		7641DA251AD39B8A0021A3AB /* Resources */ = {
			isa = PBXResourcesBuildPhase;
			buildActionMask = 2147483647;
			files = (
			);
			runOnlyForDeploymentPostprocessing = 0;
		};
/* End PBXResourcesBuildPhase section */

/* Begin PBXSourcesBuildPhase section */
		7641DA0E1AD39B8A0021A3AB /* Sources */ = {
			isa = PBXSourcesBuildPhase;
			buildActionMask = 2147483647;
			files = (
				76BCE66C1AD4B76300428E46 /* GreetingDetailViewController.swift in Sources */,
				76B226B61AD4A43B00935AD4 /* Greeting.swift in Sources */,
				7691974F1AD51256006086C0 /* MD.swift in Sources */,
				76378F031AD3B42C00F02CBC /* CandyViewController.swift in Sources */,
				76B226B81AD4A49700935AD4 /* GreetingObjectHandler.swift in Sources */,
				76378F071AD4566200F02CBC /* CandyNewTableViewController.swift in Sources */,
				76BCE6691AD4B6E700428E46 /* MultiSectionCollectionViewDataSource.swift in Sources */,
				76378F091AD4615100F02CBC /* GreetingNewViewController.swift in Sources */,
				769197511AD51298006086C0 /* IntExtension.swift in Sources */,
				76378F0B1AD49B1B00F02CBC /* SwiftyJSON.swift in Sources */,
				76378F051AD3B54000F02CBC /* CollectionViewCell.swift in Sources */,
				7641DA181AD39B8A0021A3AB /* AppDelegate.swift in Sources */,
				7641DA3A1AD39C340021A3AB /* Candy.swift in Sources */,
				7641DA3C1AD39C7C0021A3AB /* CandyTableViewController.swift in Sources */,
				7691974D1AD4FE6D006086C0 /* ColorExtension.swift in Sources */,
			);
			runOnlyForDeploymentPostprocessing = 0;
		};
		7641DA231AD39B8A0021A3AB /* Sources */ = {
			isa = PBXSourcesBuildPhase;
			buildActionMask = 2147483647;
			files = (
				7641DA2E1AD39B8A0021A3AB /* _13_UISearchBarTests.swift in Sources */,
			);
			runOnlyForDeploymentPostprocessing = 0;
		};
/* End PBXSourcesBuildPhase section */

/* Begin PBXTargetDependency section */
		7641DA291AD39B8A0021A3AB /* PBXTargetDependency */ = {
			isa = PBXTargetDependency;
			target = 7641DA111AD39B8A0021A3AB /* 013-UISearchBar */;
			targetProxy = 7641DA281AD39B8A0021A3AB /* PBXContainerItemProxy */;
		};
/* End PBXTargetDependency section */

/* Begin PBXVariantGroup section */
		7641DA1B1AD39B8A0021A3AB /* Main.storyboard */ = {
			isa = PBXVariantGroup;
			children = (
				7641DA1C1AD39B8A0021A3AB /* Base */,
			);
			name = Main.storyboard;
			path = "013-UISearchBar";
			sourceTree = "<group>";
		};
		7641DA201AD39B8A0021A3AB /* LaunchScreen.xib */ = {
			isa = PBXVariantGroup;
			children = (
				7641DA211AD39B8A0021A3AB /* Base */,
			);
			name = LaunchScreen.xib;
			sourceTree = "<group>";
		};
/* End PBXVariantGroup section */

/* Begin XCBuildConfiguration section */
		7641DA2F1AD39B8A0021A3AB /* Debug */ = {
			isa = XCBuildConfiguration;
			buildSettings = {
				ALWAYS_SEARCH_USER_PATHS = NO;
				CLANG_CXX_LANGUAGE_STANDARD = "gnu++0x";
				CLANG_CXX_LIBRARY = "libc++";
				CLANG_ENABLE_MODULES = YES;
				CLANG_ENABLE_OBJC_ARC = YES;
				CLANG_WARN_BOOL_CONVERSION = YES;
				CLANG_WARN_CONSTANT_CONVERSION = YES;
				CLANG_WARN_DIRECT_OBJC_ISA_USAGE = YES_ERROR;
				CLANG_WARN_EMPTY_BODY = YES;
				CLANG_WARN_ENUM_CONVERSION = YES;
				CLANG_WARN_INT_CONVERSION = YES;
				CLANG_WARN_OBJC_ROOT_CLASS = YES_ERROR;
				CLANG_WARN_UNREACHABLE_CODE = YES;
				CLANG_WARN__DUPLICATE_METHOD_MATCH = YES;
				"CODE_SIGN_IDENTITY[sdk=iphoneos*]" = "iPhone Developer";
				COPY_PHASE_STRIP = NO;
				ENABLE_STRICT_OBJC_MSGSEND = YES;
				GCC_C_LANGUAGE_STANDARD = gnu99;
				GCC_DYNAMIC_NO_PIC = NO;
				GCC_OPTIMIZATION_LEVEL = 0;
				GCC_PREPROCESSOR_DEFINITIONS = (
					"DEBUG=1",
					"$(inherited)",
				);
				GCC_SYMBOLS_PRIVATE_EXTERN = NO;
				GCC_WARN_64_TO_32_BIT_CONVERSION = YES;
				GCC_WARN_ABOUT_RETURN_TYPE = YES_ERROR;
				GCC_WARN_UNDECLARED_SELECTOR = YES;
				GCC_WARN_UNINITIALIZED_AUTOS = YES_AGGRESSIVE;
				GCC_WARN_UNUSED_FUNCTION = YES;
				GCC_WARN_UNUSED_VARIABLE = YES;
				IPHONEOS_DEPLOYMENT_TARGET = 8.2;
				MTL_ENABLE_DEBUG_INFO = YES;
				ONLY_ACTIVE_ARCH = YES;
				SDKROOT = iphoneos;
				SWIFT_OPTIMIZATION_LEVEL = "-Onone";
				TARGETED_DEVICE_FAMILY = "1,2";
			};
			name = Debug;
		};
		7641DA301AD39B8A0021A3AB /* Release */ = {
			isa = XCBuildConfiguration;
			buildSettings = {
				ALWAYS_SEARCH_USER_PATHS = NO;
				CLANG_CXX_LANGUAGE_STANDARD = "gnu++0x";
				CLANG_CXX_LIBRARY = "libc++";
				CLANG_ENABLE_MODULES = YES;
				CLANG_ENABLE_OBJC_ARC = YES;
				CLANG_WARN_BOOL_CONVERSION = YES;
				CLANG_WARN_CONSTANT_CONVERSION = YES;
				CLANG_WARN_DIRECT_OBJC_ISA_USAGE = YES_ERROR;
				CLANG_WARN_EMPTY_BODY = YES;
				CLANG_WARN_ENUM_CONVERSION = YES;
				CLANG_WARN_INT_CONVERSION = YES;
				CLANG_WARN_OBJC_ROOT_CLASS = YES_ERROR;
				CLANG_WARN_UNREACHABLE_CODE = YES;
				CLANG_WARN__DUPLICATE_METHOD_MATCH = YES;
				"CODE_SIGN_IDENTITY[sdk=iphoneos*]" = "iPhone Developer";
				COPY_PHASE_STRIP = NO;
				ENABLE_NS_ASSERTIONS = NO;
				ENABLE_STRICT_OBJC_MSGSEND = YES;
				GCC_C_LANGUAGE_STANDARD = gnu99;
				GCC_WARN_64_TO_32_BIT_CONVERSION = YES;
				GCC_WARN_ABOUT_RETURN_TYPE = YES_ERROR;
				GCC_WARN_UNDECLARED_SELECTOR = YES;
				GCC_WARN_UNINITIALIZED_AUTOS = YES_AGGRESSIVE;
				GCC_WARN_UNUSED_FUNCTION = YES;
				GCC_WARN_UNUSED_VARIABLE = YES;
				IPHONEOS_DEPLOYMENT_TARGET = 8.2;
				MTL_ENABLE_DEBUG_INFO = NO;
				SDKROOT = iphoneos;
				TARGETED_DEVICE_FAMILY = "1,2";
				VALIDATE_PRODUCT = YES;
			};
			name = Release;
		};
		7641DA321AD39B8A0021A3AB /* Debug */ = {
			isa = XCBuildConfiguration;
			buildSettings = {
				ASSETCATALOG_COMPILER_APPICON_NAME = AppIcon;
				INFOPLIST_FILE = "013-UISearchBar/Info.plist";
				LD_RUNPATH_SEARCH_PATHS = "$(inherited) @executable_path/Frameworks";
				PRODUCT_NAME = "$(TARGET_NAME)";
			};
			name = Debug;
		};
		7641DA331AD39B8A0021A3AB /* Release */ = {
			isa = XCBuildConfiguration;
			buildSettings = {
				ASSETCATALOG_COMPILER_APPICON_NAME = AppIcon;
				INFOPLIST_FILE = "013-UISearchBar/Info.plist";
				LD_RUNPATH_SEARCH_PATHS = "$(inherited) @executable_path/Frameworks";
				PRODUCT_NAME = "$(TARGET_NAME)";
			};
			name = Release;
		};
		7641DA351AD39B8A0021A3AB /* Debug */ = {
			isa = XCBuildConfiguration;
			buildSettings = {
				BUNDLE_LOADER = "$(TEST_HOST)";
				FRAMEWORK_SEARCH_PATHS = (
					"$(SDKROOT)/Developer/Library/Frameworks",
					"$(inherited)",
				);
				GCC_PREPROCESSOR_DEFINITIONS = (
					"DEBUG=1",
					"$(inherited)",
				);
				INFOPLIST_FILE = "013-UISearchBarTests/Info.plist";
				LD_RUNPATH_SEARCH_PATHS = "$(inherited) @executable_path/Frameworks @loader_path/Frameworks";
				PRODUCT_NAME = "$(TARGET_NAME)";
				TEST_HOST = "$(BUILT_PRODUCTS_DIR)/013-UISearchBar.app/013-UISearchBar";
			};
			name = Debug;
		};
		7641DA361AD39B8A0021A3AB /* Release */ = {
			isa = XCBuildConfiguration;
			buildSettings = {
				BUNDLE_LOADER = "$(TEST_HOST)";
				FRAMEWORK_SEARCH_PATHS = (
					"$(SDKROOT)/Developer/Library/Frameworks",
					"$(inherited)",
				);
				INFOPLIST_FILE = "013-UISearchBarTests/Info.plist";
				LD_RUNPATH_SEARCH_PATHS = "$(inherited) @executable_path/Frameworks @loader_path/Frameworks";
				PRODUCT_NAME = "$(TARGET_NAME)";
				TEST_HOST = "$(BUILT_PRODUCTS_DIR)/013-UISearchBar.app/013-UISearchBar";
			};
			name = Release;
		};
/* End XCBuildConfiguration section */

/* Begin XCConfigurationList section */
		7641DA0D1AD39B8A0021A3AB /* Build configuration list for PBXProject "013-UISearchBar" */ = {
			isa = XCConfigurationList;
			buildConfigurations = (
				7641DA2F1AD39B8A0021A3AB /* Debug */,
				7641DA301AD39B8A0021A3AB /* Release */,
			);
			defaultConfigurationIsVisible = 0;
			defaultConfigurationName = Release;
		};
		7641DA311AD39B8A0021A3AB /* Build configuration list for PBXNativeTarget "013-UISearchBar" */ = {
			isa = XCConfigurationList;
			buildConfigurations = (
				7641DA321AD39B8A0021A3AB /* Debug */,
				7641DA331AD39B8A0021A3AB /* Release */,
			);
			defaultConfigurationIsVisible = 0;
			defaultConfigurationName = Release;
		};
		7641DA341AD39B8A0021A3AB /* Build configuration list for PBXNativeTarget "013-UISearchBarTests" */ = {
			isa = XCConfigurationList;
			buildConfigurations = (
				7641DA351AD39B8A0021A3AB /* Debug */,
				7641DA361AD39B8A0021A3AB /* Release */,
			);
			defaultConfigurationIsVisible = 0;
			defaultConfigurationName = Release;
		};
/* End XCConfigurationList section */
	};
	rootObject = 7641DA0A1AD39B8A0021A3AB /* Project object */;
}
